
Microsoft Visual Studio Solution File, Format Version 12.00
# Visual Studio Version 16
VisualStudioVersion = 16.0.31624.102
MinimumVisualStudioVersion = 10.0.40219.1
Project("{FAE04EC0-301F-11D3-BF4B-00C04F79EFBC}") = "WebApp.Task1", "WebApp.Task1\WebApp.Task1.csproj", "{D865F2D9-BAB2-4215-A4E3-46E6DE051052}"
EndProject
Global
	GlobalSection(SolutionConfigurationPlatforms) = preSolution
		Debug|Any CPU = Debug|Any CPU
		Release|Any CPU = Release|Any CPU
	EndGlobalSection
	GlobalSection(ProjectConfigurationPlatforms) = postSolution
		{D865F2D9-BAB2-4215-A4E3-46E6DE051052}.Debug|Any CPU.ActiveCfg = Debug|Any CPU
		{D865F2D9-BAB2-4215-A4E3-46E6DE051052}.Debug|Any CPU.Build.0 = Debug|Any CPU
		{D865F2D9-BAB2-4215-A4E3-46E6DE051052}.Release|Any CPU.ActiveCfg = Release|Any CPU
		{D865F2D9-BAB2-4215-A4E3-46E6DE051052}.Release|Any CPU.Build.0 = Release|Any CPU
	EndGlobalSection
	GlobalSection(SolutionProperties) = preSolution
		HideSolutionNode = FALSE
	EndGlobalSection
	GlobalSection(ExtensibilityGlobals) = postSolution
		SolutionGuid = {4D6CAAAB-3431-4471-A9B3-2BC25F228C05}
	EndGlobalSection
EndGlobal
